// !$*UTF8*$!
{
	archiveVersion = 1;
	classes = {
	};
	objectVersion = 50;
	objects = {

/* Begin PBXBuildFile section */
		37BCBEC122535B80002A6D20 /* AppDelegate.m in Sources */ = {isa = PBXBuildFile; fileRef = 37BCBEC022535B80002A6D20 /* AppDelegate.m */; };
		37BCBEC422535B80002A6D20 /* ViewController.m in Sources */ = {isa = PBXBuildFile; fileRef = 37BCBEC322535B80002A6D20 /* ViewController.m */; };
		37BCBEC722535B80002A6D20 /* Main.storyboard in Resources */ = {isa = PBXBuildFile; fileRef = 37BCBEC522535B80002A6D20 /* Main.storyboard */; };
		37BCBEC922535B81002A6D20 /* Assets.xcassets in Resources */ = {isa = PBXBuildFile; fileRef = 37BCBEC822535B81002A6D20 /* Assets.xcassets */; };
		37BCBECC22535B81002A6D20 /* LaunchScreen.storyboard in Resources */ = {isa = PBXBuildFile; fileRef = 37BCBECA22535B81002A6D20 /* LaunchScreen.storyboard */; };
		37BCBECF22535B81002A6D20 /* main.m in Sources */ = {isa = PBXBuildFile; fileRef = 37BCBECE22535B81002A6D20 /* main.m */; };
		37BCBEEC22535B95002A6D20 /* Localizable.strings in Resources */ = {isa = PBXBuildFile; fileRef = 37BCBED622535B95002A6D20 /* Localizable.strings */; };
		37BCBEED22535B95002A6D20 /* InfoPlist.strings in Resources */ = {isa = PBXBuildFile; fileRef = 37BCBEDB22535B95002A6D20 /* InfoPlist.strings */; };
/* End PBXBuildFile section */

/* Begin PBXFileReference section */
		37BCBEBC22535B80002A6D20 /* 翻译.app */ = {isa = PBXFileReference; explicitFileType = wrapper.application; includeInIndex = 0; path = "翻译.app"; sourceTree = BUILT_PRODUCTS_DIR; };
		37BCBEBF22535B80002A6D20 /* AppDelegate.h */ = {isa = PBXFileReference; lastKnownFileType = sourcecode.c.h; path = AppDelegate.h; sourceTree = "<group>"; };
		37BCBEC022535B80002A6D20 /* AppDelegate.m */ = {isa = PBXFileReference; lastKnownFileType = sourcecode.c.objc; path = AppDelegate.m; sourceTree = "<group>"; };
		37BCBEC222535B80002A6D20 /* ViewController.h */ = {isa = PBXFileReference; lastKnownFileType = sourcecode.c.h; path = ViewController.h; sourceTree = "<group>"; };
		37BCBEC322535B80002A6D20 /* ViewController.m */ = {isa = PBXFileReference; lastKnownFileType = sourcecode.c.objc; path = ViewController.m; sourceTree = "<group>"; };
		37BCBEC622535B80002A6D20 /* Base */ = {isa = PBXFileReference; lastKnownFileType = file.storyboard; name = Base; path = Base.lproj/Main.storyboard; sourceTree = "<group>"; };
		37BCBEC822535B81002A6D20 /* Assets.xcassets */ = {isa = PBXFileReference; lastKnownFileType = folder.assetcatalog; path = Assets.xcassets; sourceTree = "<group>"; };
		37BCBECB22535B81002A6D20 /* Base */ = {isa = PBXFileReference; lastKnownFileType = file.storyboard; name = Base; path = Base.lproj/LaunchScreen.storyboard; sourceTree = "<group>"; };
		37BCBECD22535B81002A6D20 /* Info.plist */ = {isa = PBXFileReference; lastKnownFileType = text.plist.xml; path = Info.plist; sourceTree = "<group>"; };
		37BCBECE22535B81002A6D20 /* main.m */ = {isa = PBXFileReference; lastKnownFileType = sourcecode.c.objc; path = main.m; sourceTree = "<group>"; };
		37BCBED722535B95002A6D20 /* de */ = {isa = PBXFileReference; lastKnownFileType = text.plist.strings; name = de; path = de.lproj/Localizable.strings; sourceTree = "<group>"; };
		37BCBED822535B95002A6D20 /* ar */ = {isa = PBXFileReference; lastKnownFileType = text.plist.strings; name = ar; path = ar.lproj/Localizable.strings; sourceTree = "<group>"; };
		37BCBED922535B95002A6D20 /* zh-Hans */ = {isa = PBXFileReference; lastKnownFileType = text.plist.strings; name = "zh-Hans"; path = "zh-Hans.lproj/Localizable.strings"; sourceTree = "<group>"; };
		37BCBEDA22535B95002A6D20 /* en */ = {isa = PBXFileReference; lastKnownFileType = text.plist.strings; name = en; path = en.lproj/Localizable.strings; sourceTree = "<group>"; };
		37BCBEDC22535B95002A6D20 /* en */ = {isa = PBXFileReference; lastKnownFileType = text.plist.strings; name = en; path = en.lproj/InfoPlist.strings; sourceTree = "<group>"; };
		37BCBEDD22535B95002A6D20 /* nb */ = {isa = PBXFileReference; lastKnownFileType = text.plist.strings; name = nb; path = nb.lproj/Localizable.strings; sourceTree = "<group>"; };
		37BCBEDE22535B95002A6D20 /* es */ = {isa = PBXFileReference; lastKnownFileType = text.plist.strings; name = es; path = es.lproj/Localizable.strings; sourceTree = "<group>"; };
		37BCBEDF22535B95002A6D20 /* da */ = {isa = PBXFileReference; lastKnownFileType = text.plist.strings; name = da; path = da.lproj/Localizable.strings; sourceTree = "<group>"; };
		37BCBEE022535B95002A6D20 /* it */ = {isa = PBXFileReference; lastKnownFileType = text.plist.strings; name = it; path = it.lproj/Localizable.strings; sourceTree = "<group>"; };
		37BCBEE122535B95002A6D20 /* sv */ = {isa = PBXFileReference; lastKnownFileType = text.plist.strings; name = sv; path = sv.lproj/Localizable.strings; sourceTree = "<group>"; };
		37BCBEE222535B95002A6D20 /* id-ID */ = {isa = PBXFileReference; lastKnownFileType = text.plist.strings; name = "id-ID"; path = "id-ID.lproj/Localizable.strings"; sourceTree = "<group>"; };
		37BCBEE322535B95002A6D20 /* cs */ = {isa = PBXFileReference; lastKnownFileType = text.plist.strings; name = cs; path = cs.lproj/Localizable.strings; sourceTree = "<group>"; };
		37BCBEE422535B95002A6D20 /* vi-VN */ = {isa = PBXFileReference; lastKnownFileType = text.plist.strings; name = "vi-VN"; path = "vi-VN.lproj/Localizable.strings"; sourceTree = "<group>"; };
		37BCBEE522535B95002A6D20 /* zh-Hant */ = {isa = PBXFileReference; lastKnownFileType = text.plist.strings; name = "zh-Hant"; path = "zh-Hant.lproj/Localizable.strings"; sourceTree = "<group>"; };
		37BCBEE622535B95002A6D20 /* pl */ = {isa = PBXFileReference; lastKnownFileType = text.plist.strings; name = pl; path = pl.lproj/Localizable.strings; sourceTree = "<group>"; };
		37BCBEE722535B95002A6D20 /* fr */ = {isa = PBXFileReference; lastKnownFileType = text.plist.strings; name = fr; path = fr.lproj/Localizable.strings; sourceTree = "<group>"; };
		37BCBEE822535B95002A6D20 /* fi */ = {isa = PBXFileReference; lastKnownFileType = text.plist.strings; name = fi; path = fi.lproj/Localizable.strings; sourceTree = "<group>"; };
		37BCBEE922535B95002A6D20 /* nl */ = {isa = PBXFileReference; lastKnownFileType = text.plist.strings; name = nl; path = nl.lproj/Localizable.strings; sourceTree = "<group>"; };
		37BCBEEA22535B95002A6D20 /* th */ = {isa = PBXFileReference; lastKnownFileType = text.plist.strings; name = th; path = th.lproj/Localizable.strings; sourceTree = "<group>"; };
		37BCBEEB22535B95002A6D20 /* pt */ = {isa = PBXFileReference; lastKnownFileType = text.plist.strings; name = pt; path = pt.lproj/Localizable.strings; sourceTree = "<group>"; };
/* End PBXFileReference section */

/* Begin PBXFrameworksBuildPhase section */
		37BCBEB922535B80002A6D20 /* Frameworks */ = {
			isa = PBXFrameworksBuildPhase;
			buildActionMask = 2147483647;
			files = (
			);
			runOnlyForDeploymentPostprocessing = 0;
		};
/* End PBXFrameworksBuildPhase section */

/* Begin PBXGroup section */
		37BCBEB322535B80002A6D20 = {
			isa = PBXGroup;
			children = (
				37BCBEBE22535B80002A6D20 /* 翻译 */,
				37BCBEBD22535B80002A6D20 /* Products */,
			);
			sourceTree = "<group>";
		};
		37BCBEBD22535B80002A6D20 /* Products */ = {
			isa = PBXGroup;
			children = (
				37BCBEBC22535B80002A6D20 /* 翻译.app */,
			);
			name = Products;
			sourceTree = "<group>";
		};
		37BCBEBE22535B80002A6D20 /* 翻译 */ = {
			isa = PBXGroup;
			children = (
				37BCBED522535B95002A6D20 /* iOS */,
				37BCBEBF22535B80002A6D20 /* AppDelegate.h */,
				37BCBEC022535B80002A6D20 /* AppDelegate.m */,
				37BCBEC222535B80002A6D20 /* ViewController.h */,
				37BCBEC322535B80002A6D20 /* ViewController.m */,
				37BCBEC522535B80002A6D20 /* Main.storyboard */,
				37BCBEC822535B81002A6D20 /* Assets.xcassets */,
				37BCBECA22535B81002A6D20 /* LaunchScreen.storyboard */,
				37BCBECD22535B81002A6D20 /* Info.plist */,
				37BCBECE22535B81002A6D20 /* main.m */,
			);
			path = "翻译";
			sourceTree = "<group>";
		};
		37BCBED522535B95002A6D20 /* iOS */ = {
			isa = PBXGroup;
			children = (
				37BCBED622535B95002A6D20 /* Localizable.strings */,
				37BCBEDB22535B95002A6D20 /* InfoPlist.strings */,
			);
			name = iOS;
			path = ../../iOS;
			sourceTree = "<group>";
		};
/* End PBXGroup section */

/* Begin PBXNativeTarget section */
		37BCBEBB22535B80002A6D20 /* 翻译 */ = {
			isa = PBXNativeTarget;
			buildConfigurationList = 37BCBED222535B81002A6D20 /* Build configuration list for PBXNativeTarget "翻译" */;
			buildPhases = (
				37BCBEB822535B80002A6D20 /* Sources */,
				37BCBEB922535B80002A6D20 /* Frameworks */,
				37BCBEBA22535B80002A6D20 /* Resources */,
			);
			buildRules = (
			);
			dependencies = (
			);
			name = "翻译";
			productName = "翻译";
			productReference = 37BCBEBC22535B80002A6D20 /* 翻译.app */;
			productType = "com.apple.product-type.application";
		};
/* End PBXNativeTarget section */

/* Begin PBXProject section */
		37BCBEB422535B80002A6D20 /* Project object */ = {
			isa = PBXProject;
			attributes = {
				LastUpgradeCheck = 1020;
				ORGANIZATIONNAME = "王胜峰";
				TargetAttributes = {
					37BCBEBB22535B80002A6D20 = {
						CreatedOnToolsVersion = 10.2;
					};
				};
			};
			buildConfigurationList = 37BCBEB722535B80002A6D20 /* Build configuration list for PBXProject "翻译" */;
			compatibilityVersion = "Xcode 9.3";
			developmentRegion = en;
			hasScannedForEncodings = 0;
			knownRegions = (
				en,
				Base,
				de,
				ar,
				"zh-Hans",
				nb,
				es,
				da,
				it,
				sv,
				"id-ID",
				cs,
				"vi-VN",
				"zh-Hant",
				pl,
				fr,
				fi,
				nl,
				th,
				pt,
			);
			mainGroup = 37BCBEB322535B80002A6D20;
			productRefGroup = 37BCBEBD22535B80002A6D20 /* Products */;
			projectDirPath = "";
			projectRoot = "";
			targets = (
				37BCBEBB22535B80002A6D20 /* 翻译 */,
			);
		};
/* End PBXProject section */

/* Begin PBXResourcesBuildPhase section */
		37BCBEBA22535B80002A6D20 /* Resources */ = {
			isa = PBXResourcesBuildPhase;
			buildActionMask = 2147483647;
			files = (
				37BCBECC22535B81002A6D20 /* LaunchScreen.storyboard in Resources */,
				37BCBEEC22535B95002A6D20 /* Localizable.strings in Resources */,
				37BCBEC922535B81002A6D20 /* Assets.xcassets in Resources */,
				37BCBEC722535B80002A6D20 /* Main.storyboard in Resources */,
				37BCBEED22535B95002A6D20 /* InfoPlist.strings in Resources */,
			);
			runOnlyForDeploymentPostprocessing = 0;
		};
/* End PBXResourcesBuildPhase section */

/* Begin PBXSourcesBuildPhase section */
		37BCBEB822535B80002A6D20 /* Sources */ = {
			isa = PBXSourcesBuildPhase;
			buildActionMask = 2147483647;
			files = (
				37BCBEC422535B80002A6D20 /* ViewController.m in Sources */,
				37BCBECF22535B81002A6D20 /* main.m in Sources */,
				37BCBEC122535B80002A6D20 /* AppDelegate.m in Sources */,
			);
			runOnlyForDeploymentPostprocessing = 0;
		};
/* End PBXSourcesBuildPhase section */

/* Begin PBXVariantGroup section */
		37BCBEC522535B80002A6D20 /* Main.storyboard */ = {
			isa = PBXVariantGroup;
			children = (
				37BCBEC622535B80002A6D20 /* Base */,
			);
			name = Main.storyboard;
			sourceTree = "<group>";
		};
		37BCBECA22535B81002A6D20 /* LaunchScreen.storyboard */ = {
			isa = PBXVariantGroup;
			children = (
				37BCBECB22535B81002A6D20 /* Base */,
			);
			name = LaunchScreen.storyboard;
			sourceTree = "<group>";
		};
		37BCBED622535B95002A6D20 /* Localizable.strings */ = {
			isa = PBXVariantGroup;
			children = (
				37BCBED722535B95002A6D20 /* de */,
				37BCBED822535B95002A6D20 /* ar */,
				37BCBED922535B95002A6D20 /* zh-Hans */,
				37BCBEDA22535B95002A6D20 /* en */,
				37BCBEDD22535B95002A6D20 /* nb */,
				37BCBEDE22535B95002A6D20 /* es */,
				37BCBEDF22535B95002A6D20 /* da */,
				37BCBEE022535B95002A6D20 /* it */,
				37BCBEE122535B95002A6D20 /* sv */,
				37BCBEE222535B95002A6D20 /* id-ID */,
				37BCBEE322535B95002A6D20 /* cs */,
				37BCBEE422535B95002A6D20 /* vi-VN */,
				37BCBEE522535B95002A6D20 /* zh-Hant */,
				37BCBEE622535B95002A6D20 /* pl */,
				37BCBEE722535B95002A6D20 /* fr */,
				37BCBEE822535B95002A6D20 /* fi */,
				37BCBEE922535B95002A6D20 /* nl */,
				37BCBEEA22535B95002A6D20 /* th */,
				37BCBEEB22535B95002A6D20 /* pt */,
			);
			name = Localizable.strings;
			sourceTree = "<group>";
		};
		37BCBEDB22535B95002A6D20 /* InfoPlist.strings */ = {
			isa = PBXVariantGroup;
			children = (
				37BCBEDC22535B95002A6D20 /* en */,
			);
			name = InfoPlist.strings;
			sourceTree = "<group>";
		};
/* End PBXVariantGroup section */

/* Begin XCBuildConfiguration section */
		37BCBED022535B81002A6D20 /* Debug */ = {
			isa = XCBuildConfiguration;
			buildSettings = {
				ALWAYS_SEARCH_USER_PATHS = NO;
				CLANG_ANALYZER_NONNULL = YES;
				CLANG_ANALYZER_NUMBER_OBJECT_CONVERSION = YES_AGGRESSIVE;
				CLANG_CXX_LANGUAGE_STANDARD = "gnu++14";
				CLANG_CXX_LIBRARY = "libc++";
				CLANG_ENABLE_MODULES = YES;
				CLANG_ENABLE_OBJC_ARC = YES;
				CLANG_ENABLE_OBJC_WEAK = YES;
				CLANG_WARN_BLOCK_CAPTURE_AUTORELEASING = YES;
				CLANG_WARN_BOOL_CONVERSION = YES;
				CLANG_WARN_COMMA = YES;
				CLANG_WARN_CONSTANT_CONVERSION = YES;
				CLANG_WARN_DEPRECATED_OBJC_IMPLEMENTATIONS = YES;
				CLANG_WARN_DIRECT_OBJC_ISA_USAGE = YES_ERROR;
				CLANG_WARN_DOCUMENTATION_COMMENTS = YES;
				CLANG_WARN_EMPTY_BODY = YES;
				CLANG_WARN_ENUM_CONVERSION = YES;
				CLANG_WARN_INFINITE_RECURSION = YES;
				CLANG_WARN_INT_CONVERSION = YES;
				CLANG_WARN_NON_LITERAL_NULL_CONVERSION = YES;
				CLANG_WARN_OBJC_IMPLICIT_RETAIN_SELF = YES;
				CLANG_WARN_OBJC_LITERAL_CONVERSION = YES;
				CLANG_WARN_OBJC_ROOT_CLASS = YES_ERROR;
				CLANG_WARN_RANGE_LOOP_ANALYSIS = YES;
				CLANG_WARN_STRICT_PROTOTYPES = YES;
				CLANG_WARN_SUSPICIOUS_MOVE = YES;
				CLANG_WARN_UNGUARDED_AVAILABILITY = YES_AGGRESSIVE;
				CLANG_WARN_UNREACHABLE_CODE = YES;
				CLANG_WARN__DUPLICATE_METHOD_MATCH = YES;
				CODE_SIGN_IDENTITY = "iPhone Developer";
				COPY_PHASE_STRIP = NO;
				DEBUG_INFORMATION_FORMAT = dwarf;
				ENABLE_STRICT_OBJC_MSGSEND = YES;
				ENABLE_TESTABILITY = YES;
				GCC_C_LANGUAGE_STANDARD = gnu11;
				GCC_DYNAMIC_NO_PIC = NO;
				GCC_NO_COMMON_BLOCKS = YES;
				GCC_OPTIMIZATION_LEVEL = 0;
				GCC_PREPROCESSOR_DEFINITIONS = (
					"DEBUG=1",
					"$(inherited)",
				);
				GCC_WARN_64_TO_32_BIT_CONVERSION = YES;
				GCC_WARN_ABOUT_RETURN_TYPE = YES_ERROR;
				GCC_WARN_UNDECLARED_SELECTOR = YES;
				GCC_WARN_UNINITIALIZED_AUTOS = YES_AGGRESSIVE;
				GCC_WARN_UNUSED_FUNCTION = YES;
				GCC_WARN_UNUSED_VARIABLE = YES;
				IPHONEOS_DEPLOYMENT_TARGET = 12.2;
				MTL_ENABLE_DEBUG_INFO = INCLUDE_SOURCE;
				MTL_FAST_MATH = YES;
				ONLY_ACTIVE_ARCH = YES;
				SDKROOT = iphoneos;
			};
			name = Debug;
		};
		37BCBED122535B81002A6D20 /* Release */ = {
			isa = XCBuildConfiguration;
			buildSettings = {
				ALWAYS_SEARCH_USER_PATHS = NO;
				CLANG_ANALYZER_NONNULL = YES;
				CLANG_ANALYZER_NUMBER_OBJECT_CONVERSION = YES_AGGRESSIVE;
				CLANG_CXX_LANGUAGE_STANDARD = "gnu++14";
				CLANG_CXX_LIBRARY = "libc++";
				CLANG_ENABLE_MODULES = YES;
				CLANG_ENABLE_OBJC_ARC = YES;
				CLANG_ENABLE_OBJC_WEAK = YES;
				CLANG_WARN_BLOCK_CAPTURE_AUTORELEASING = YES;
				CLANG_WARN_BOOL_CONVERSION = YES;
				CLANG_WARN_COMMA = YES;
				CLANG_WARN_CONSTANT_CONVERSION = YES;
				CLANG_WARN_DEPRECATED_OBJC_IMPLEMENTATIONS = YES;
				CLANG_WARN_DIRECT_OBJC_ISA_USAGE = YES_ERROR;
				CLANG_WARN_DOCUMENTATION_COMMENTS = YES;
				CLANG_WARN_EMPTY_BODY = YES;
				CLANG_WARN_ENUM_CONVERSION = YES;
				CLANG_WARN_INFINITE_RECURSION = YES;
				CLANG_WARN_INT_CONVERSION = YES;
				CLANG_WARN_NON_LITERAL_NULL_CONVERSION = YES;
				CLANG_WARN_OBJC_IMPLICIT_RETAIN_SELF = YES;
				CLANG_WARN_OBJC_LITERAL_CONVERSION = YES;
				CLANG_WARN_OBJC_ROOT_CLASS = YES_ERROR;
				CLANG_WARN_RANGE_LOOP_ANALYSIS = YES;
				CLANG_WARN_STRICT_PROTOTYPES = YES;
				CLANG_WARN_SUSPICIOUS_MOVE = YES;
				CLANG_WARN_UNGUARDED_AVAILABILITY = YES_AGGRESSIVE;
				CLANG_WARN_UNREACHABLE_CODE = YES;
				CLANG_WARN__DUPLICATE_METHOD_MATCH = YES;
				CODE_SIGN_IDENTITY = "iPhone Developer";
				COPY_PHASE_STRIP = NO;
				DEBUG_INFORMATION_FORMAT = "dwarf-with-dsym";
				ENABLE_NS_ASSERTIONS = NO;
				ENABLE_STRICT_OBJC_MSGSEND = YES;
				GCC_C_LANGUAGE_STANDARD = gnu11;
				GCC_NO_COMMON_BLOCKS = YES;
				GCC_WARN_64_TO_32_BIT_CONVERSION = YES;
				GCC_WARN_ABOUT_RETURN_TYPE = YES_ERROR;
				GCC_WARN_UNDECLARED_SELECTOR = YES;
				GCC_WARN_UNINITIALIZED_AUTOS = YES_AGGRESSIVE;
				GCC_WARN_UNUSED_FUNCTION = YES;
				GCC_WARN_UNUSED_VARIABLE = YES;
				IPHONEOS_DEPLOYMENT_TARGET = 12.2;
				MTL_ENABLE_DEBUG_INFO = NO;
				MTL_FAST_MATH = YES;
				SDKROOT = iphoneos;
				VALIDATE_PRODUCT = YES;
			};
			name = Release;
		};
		37BCBED322535B81002A6D20 /* Debug */ = {
			isa = XCBuildConfiguration;
			buildSettings = {
				ASSETCATALOG_COMPILER_APPICON_NAME = AppIcon;
				CODE_SIGN_STYLE = Automatic;
				INFOPLIST_FILE = "翻译/Info.plist";
				LD_RUNPATH_SEARCH_PATHS = (
					"$(inherited)",
					"@executable_path/Frameworks",
				);
				PRODUCT_BUNDLE_IDENTIFIER = "ai.cloudmall.--";
				PRODUCT_NAME = "$(TARGET_NAME)";
				TARGETED_DEVICE_FAMILY = "1,2";
			};
			name = Debug;
		};
		37BCBED422535B81002A6D20 /* Release */ = {
			isa = XCBuildConfiguration;
			buildSettings = {
				ASSETCATALOG_COMPILER_APPICON_NAME = AppIcon;
				CODE_SIGN_STYLE = Automatic;
				INFOPLIST_FILE = "翻译/Info.plist";
				LD_RUNPATH_SEARCH_PATHS = (
					"$(inherited)",
					"@executable_path/Frameworks",
				);
				PRODUCT_BUNDLE_IDENTIFIER = "ai.cloudmall.--";
				PRODUCT_NAME = "$(TARGET_NAME)";
				TARGETED_DEVICE_FAMILY = "1,2";
			};
			name = Release;
		};
/* End XCBuildConfiguration section */

/* Begin XCConfigurationList section */
		37BCBEB722535B80002A6D20 /* Build configuration list for PBXProject "翻译" */ = {
			isa = XCConfigurationList;
			buildConfigurations = (
				37BCBED022535B81002A6D20 /* Debug */,
				37BCBED122535B81002A6D20 /* Release */,
			);
			defaultConfigurationIsVisible = 0;
			defaultConfigurationName = Release;
		};
		37BCBED222535B81002A6D20 /* Build configuration list for PBXNativeTarget "翻译" */ = {
			isa = XCConfigurationList;
			buildConfigurations = (
				37BCBED322535B81002A6D20 /* Debug */,
				37BCBED422535B81002A6D20 /* Release */,
			);
			defaultConfigurationIsVisible = 0;
			defaultConfigurationName = Release;
		};
/* End XCConfigurationList section */
	};
	rootObject = 37BCBEB422535B80002A6D20 /* Project object */;
}
